
Microsoft Visual Studio Solution File, Format Version 12.00
# Visual Studio 15
VisualStudioVersion = 15.0.27004.2005
MinimumVisualStudioVersion = 10.0.40219.1
Project("{FAE04EC0-301F-11D3-BF4B-00C04F79EFBC}") = "WPFTTT", "WPFTTT\WPFTTT.csproj", "{748E8439-6EB5-4C1D-8D8F-1258276973AE}"
EndProject
Global
	GlobalSection(SolutionConfigurationPlatforms) = preSolution
		Debug|Any CPU = Debug|Any CPU
		Release|Any CPU = Release|Any CPU
	EndGlobalSection
	GlobalSection(ProjectConfigurationPlatforms) = postSolution
		{748E8439-6EB5-4C1D-8D8F-1258276973AE}.Debug|Any CPU.ActiveCfg = Debug|Any CPU
		{748E8439-6EB5-4C1D-8D8F-1258276973AE}.Debug|Any CPU.Build.0 = Debug|Any CPU
		{748E8439-6EB5-4C1D-8D8F-1258276973AE}.Release|Any CPU.ActiveCfg = Release|Any CPU
		{748E8439-6EB5-4C1D-8D8F-1258276973AE}.Release|Any CPU.Build.0 = Release|Any CPU
	EndGlobalSection
	GlobalSection(SolutionProperties) = preSolution
		HideSolutionNode = FALSE
	EndGlobalSection
	GlobalSection(ExtensibilityGlobals) = postSolution
		SolutionGuid = {9074F1CB-2A63-4780-A6BD-26953430FC60}
	EndGlobalSection
EndGlobal
